
Microsoft Visual Studio Solution File, Format Version 12.00
# Visual Studio Version 17
VisualStudioVersion = 17.5.002.0
MinimumVisualStudioVersion = 10.0.40219.1
Project("{9A19103F-16F7-4668-BE54-9A1E7A4F7556}") = "GlovoSoft", "GlovoSoft.csproj", "{D974E4C0-4ED3-4CD5-9B6A-27F1FF487B22}"
EndProject
Global
	GlobalSection(SolutionConfigurationPlatforms) = preSolution
		Debug|Any CPU = Debug|Any CPU
		Release|Any CPU = Release|Any CPU
	EndGlobalSection
	GlobalSection(ProjectConfigurationPlatforms) = postSolution
		{D974E4C0-4ED3-4CD5-9B6A-27F1FF487B22}.Debug|Any CPU.ActiveCfg = Debug|Any CPU
		{D974E4C0-4ED3-4CD5-9B6A-27F1FF487B22}.Debug|Any CPU.Build.0 = Debug|Any CPU
		{D974E4C0-4ED3-4CD5-9B6A-27F1FF487B22}.Release|Any CPU.ActiveCfg = Release|Any CPU
		{D974E4C0-4ED3-4CD5-9B6A-27F1FF487B22}.Release|Any CPU.Build.0 = Release|Any CPU
	EndGlobalSection
	GlobalSection(SolutionProperties) = preSolution
		HideSolutionNode = FALSE
	EndGlobalSection
	GlobalSection(ExtensibilityGlobals) = postSolution
		SolutionGuid = {05051EC8-9946-4541-BBB3-64C998808717}
	EndGlobalSection
EndGlobal
